
Microsoft Visual Studio Solution File, Format Version 12.00
# Visual Studio Version 17
VisualStudioVersion = 17.11.35222.181
MinimumVisualStudioVersion = 10.0.40219.1
Project("{9A19103F-16F7-4668-BE54-9A1E7A4F7556}") = "WinForms19", "WinForms19\WinForms19.csproj", "{7F9D9783-BB19-4843-A373-A4E60BDB4CAB}"
EndProject
Global
	GlobalSection(SolutionConfigurationPlatforms) = preSolution
		Debug|Any CPU = Debug|Any CPU
		Release|Any CPU = Release|Any CPU
	EndGlobalSection
	GlobalSection(ProjectConfigurationPlatforms) = postSolution
		{7F9D9783-BB19-4843-A373-A4E60BDB4CAB}.Debug|Any CPU.ActiveCfg = Debug|Any CPU
		{7F9D9783-BB19-4843-A373-A4E60BDB4CAB}.Debug|Any CPU.Build.0 = Debug|Any CPU
		{7F9D9783-BB19-4843-A373-A4E60BDB4CAB}.Release|Any CPU.ActiveCfg = Release|Any CPU
		{7F9D9783-BB19-4843-A373-A4E60BDB4CAB}.Release|Any CPU.Build.0 = Release|Any CPU
	EndGlobalSection
	GlobalSection(SolutionProperties) = preSolution
		HideSolutionNode = FALSE
	EndGlobalSection
	GlobalSection(ExtensibilityGlobals) = postSolution
		SolutionGuid = {78DED010-D388-49CE-8699-F1C3BD350D02}
	EndGlobalSection
EndGlobal
